
Microsoft Visual Studio Solution File, Format Version 12.00
# Visual Studio Version 16
VisualStudioVersion = 16.0.31729.503
MinimumVisualStudioVersion = 10.0.40219.1
Project("{FAE04EC0-301F-11D3-BF4B-00C04F79EFBC}") = "Rail_Fence", "Rail_Fence.csproj", "{0657B509-FA24-4BC5-81C6-9889225780E9}"
EndProject
Global
	GlobalSection(SolutionConfigurationPlatforms) = preSolution
		Debug|Any CPU = Debug|Any CPU
		Release|Any CPU = Release|Any CPU
	EndGlobalSection
	GlobalSection(ProjectConfigurationPlatforms) = postSolution
		{0657B509-FA24-4BC5-81C6-9889225780E9}.Debug|Any CPU.ActiveCfg = Debug|Any CPU
		{0657B509-FA24-4BC5-81C6-9889225780E9}.Debug|Any CPU.Build.0 = Debug|Any CPU
		{0657B509-FA24-4BC5-81C6-9889225780E9}.Release|Any CPU.ActiveCfg = Release|Any CPU
		{0657B509-FA24-4BC5-81C6-9889225780E9}.Release|Any CPU.Build.0 = Release|Any CPU
	EndGlobalSection
	GlobalSection(SolutionProperties) = preSolution
		HideSolutionNode = FALSE
	EndGlobalSection
	GlobalSection(ExtensibilityGlobals) = postSolution
		SolutionGuid = {236C7B09-6059-497F-A49E-6BA5C72589AB}
	EndGlobalSection
EndGlobal
